// !$*UTF8*$!
{
	archiveVersion = 1;
	classes = {
	};
	objectVersion = 51;
	objects = {

/* Begin PBXBuildFile section */
		5CB2035ABF48D389E80BF715 /* ZYHTableViewCell.m in Sources */ = {isa = PBXBuildFile; fileRef = 5CB20F2AD40E1554544CD580 /* ZYHTableViewCell.m */; };
		F700E124217F2F040060313D /* ZYHAutoLayoutViewController.m in Sources */ = {isa = PBXBuildFile; fileRef = F700E123217F2F040060313D /* ZYHAutoLayoutViewController.m */; };
		F747B0B221806BBF00FEC696 /* cars.plist in Resources */ = {isa = PBXBuildFile; fileRef = F747B0B121806BBF00FEC696 /* cars.plist */; };
		F747B0B5218070B900FEC696 /* ZYHCarGroup.m in Sources */ = {isa = PBXBuildFile; fileRef = F747B0B4218070B900FEC696 /* ZYHCarGroup.m */; };
		F747B0B8218072DC00FEC696 /* ZYHCar.m in Sources */ = {isa = PBXBuildFile; fileRef = F747B0B7218072DC00FEC696 /* ZYHCar.m */; };
		F74FD316217D9BCE00C4ABF0 /* ZYHScreenViewController.m in Sources */ = {isa = PBXBuildFile; fileRef = F74FD315217D9BCE00C4ABF0 /* ZYHScreenViewController.m */; };
		F75D066121803B5C00ED1E24 /* ZYHTableViewViewController.m in Sources */ = {isa = PBXBuildFile; fileRef = F75D066021803B5C00ED1E24 /* ZYHTableViewViewController.m */; };
		F795D73C2174AE4600B7F89A /* PListViewController.m in Sources */ = {isa = PBXBuildFile; fileRef = F795D73B2174AE4600B7F89A /* PListViewController.m */; };
		F795D73F2175958400B7F89A /* ZYHShop.m in Sources */ = {isa = PBXBuildFile; fileRef = F795D73E2175958400B7F89A /* ZYHShop.m */; };
		F795D7422175B6BC00B7F89A /* ZYHShopView.m in Sources */ = {isa = PBXBuildFile; fileRef = F795D7412175B6BC00B7F89A /* ZYHShopView.m */; };
		F795D7452175CB2200B7F89A /* CarView.xib in Resources */ = {isa = PBXBuildFile; fileRef = F795D7442175CB2200B7F89A /* CarView.xib */; };
		F795D7482175CD2B00B7F89A /* ZYHCarView.m in Sources */ = {isa = PBXBuildFile; fileRef = F795D7472175CD2B00B7F89A /* ZYHCarView.m */; };
		F795D74F2178777600B7F89A /* ZYHKVCViewController.m in Sources */ = {isa = PBXBuildFile; fileRef = F795D74E2178777600B7F89A /* ZYHKVCViewController.m */; };
		F795D7522178791F00B7F89A /* ZYHPerson.m in Sources */ = {isa = PBXBuildFile; fileRef = F795D7512178791F00B7F89A /* ZYHPerson.m */; };
		F795D75621789C2F00B7F89A /* ZYHScrollViewViewController.m in Sources */ = {isa = PBXBuildFile; fileRef = F795D75521789C2F00B7F89A /* ZYHScrollViewViewController.m */; };
		F7E7D4B3216B0B0700C2FAD7 /* AppDelegate.m in Sources */ = {isa = PBXBuildFile; fileRef = F7E7D4B2216B0B0700C2FAD7 /* AppDelegate.m */; };
		F7E7D4B6216B0B0700C2FAD7 /* ViewController.m in Sources */ = {isa = PBXBuildFile; fileRef = F7E7D4B5216B0B0700C2FAD7 /* ViewController.m */; };
		F7E7D4B9216B0B0700C2FAD7 /* Main.storyboard in Resources */ = {isa = PBXBuildFile; fileRef = F7E7D4B7216B0B0700C2FAD7 /* Main.storyboard */; };
		F7E7D4BE216B0B0900C2FAD7 /* LaunchScreen.storyboard in Resources */ = {isa = PBXBuildFile; fileRef = F7E7D4BC216B0B0900C2FAD7 /* LaunchScreen.storyboard */; };
		F7E7D4C1216B0B0900C2FAD7 /* main.m in Sources */ = {isa = PBXBuildFile; fileRef = F7E7D4C0216B0B0900C2FAD7 /* main.m */; };
		F7E7D4CB216B0B0900C2FAD7 /* ui_exerciseTests.m in Sources */ = {isa = PBXBuildFile; fileRef = F7E7D4CA216B0B0900C2FAD7 /* ui_exerciseTests.m */; };
		F7E7D4D6216B0B0900C2FAD7 /* ui_exerciseUITests.m in Sources */ = {isa = PBXBuildFile; fileRef = F7E7D4D5216B0B0900C2FAD7 /* ui_exerciseUITests.m */; };
		F7E7D4E6216C835E00C2FAD7 /* UIViewTestViewController.m in Sources */ = {isa = PBXBuildFile; fileRef = F7E7D4E5216C835E00C2FAD7 /* UIViewTestViewController.m */; };
		F7E7D4E9216CC63B00C2FAD7 /* UILableViewController.m in Sources */ = {isa = PBXBuildFile; fileRef = F7E7D4E8216CC63B00C2FAD7 /* UILableViewController.m */; };
		F7E7D4EC216CCB7300C2FAD7 /* UIImageViewViewController.m in Sources */ = {isa = PBXBuildFile; fileRef = F7E7D4EB216CCB7300C2FAD7 /* UIImageViewViewController.m */; };
		F7E7D4EF216F4ADF00C2FAD7 /* UIButtonViewController.m in Sources */ = {isa = PBXBuildFile; fileRef = F7E7D4EE216F4ADF00C2FAD7 /* UIButtonViewController.m */; };
		F7E7D4F121707DFD00C2FAD7 /* Assets.xcassets in Resources */ = {isa = PBXBuildFile; fileRef = F7E7D4F021707DFD00C2FAD7 /* Assets.xcassets */; };
/* End PBXBuildFile section */

/* Begin PBXContainerItemProxy section */
		F7E7D4C7216B0B0900C2FAD7 /* PBXContainerItemProxy */ = {
			isa = PBXContainerItemProxy;
			containerPortal = F7E7D4A6216B0B0700C2FAD7 /* Project object */;
			proxyType = 1;
			remoteGlobalIDString = F7E7D4AD216B0B0700C2FAD7;
			remoteInfo = ui_exercise;
		};
		F7E7D4D2216B0B0900C2FAD7 /* PBXContainerItemProxy */ = {
			isa = PBXContainerItemProxy;
			containerPortal = F7E7D4A6216B0B0700C2FAD7 /* Project object */;
			proxyType = 1;
			remoteGlobalIDString = F7E7D4AD216B0B0700C2FAD7;
			remoteInfo = ui_exercise;
		};
/* End PBXContainerItemProxy section */

/* Begin PBXFileReference section */
		5CB2090E26CFCF491558AE83 /* ZYHTableViewCell.h */ = {isa = PBXFileReference; fileEncoding = 4; lastKnownFileType = sourcecode.c.h; path = ZYHTableViewCell.h; sourceTree = "<group>"; };
		5CB20F2AD40E1554544CD580 /* ZYHTableViewCell.m */ = {isa = PBXFileReference; fileEncoding = 4; lastKnownFileType = sourcecode.c.objc; path = ZYHTableViewCell.m; sourceTree = "<group>"; };
		F700E122217F2F040060313D /* ZYHAutoLayoutViewController.h */ = {isa = PBXFileReference; lastKnownFileType = sourcecode.c.h; path = ZYHAutoLayoutViewController.h; sourceTree = "<group>"; };
		F700E123217F2F040060313D /* ZYHAutoLayoutViewController.m */ = {isa = PBXFileReference; lastKnownFileType = sourcecode.c.objc; path = ZYHAutoLayoutViewController.m; sourceTree = "<group>"; };
		F747B0B121806BBF00FEC696 /* cars.plist */ = {isa = PBXFileReference; fileEncoding = 4; lastKnownFileType = text.plist.xml; path = cars.plist; sourceTree = "<group>"; };
		F747B0B3218070B900FEC696 /* ZYHCarGroup.h */ = {isa = PBXFileReference; lastKnownFileType = sourcecode.c.h; path = ZYHCarGroup.h; sourceTree = "<group>"; };
		F747B0B4218070B900FEC696 /* ZYHCarGroup.m */ = {isa = PBXFileReference; lastKnownFileType = sourcecode.c.objc; path = ZYHCarGroup.m; sourceTree = "<group>"; };
		F747B0B6218072DC00FEC696 /* ZYHCar.h */ = {isa = PBXFileReference; lastKnownFileType = sourcecode.c.h; path = ZYHCar.h; sourceTree = "<group>"; };
		F747B0B7218072DC00FEC696 /* ZYHCar.m */ = {isa = PBXFileReference; lastKnownFileType = sourcecode.c.objc; path = ZYHCar.m; sourceTree = "<group>"; };
		F74FD314217D9BCE00C4ABF0 /* ZYHScreenViewController.h */ = {isa = PBXFileReference; lastKnownFileType = sourcecode.c.h; path = ZYHScreenViewController.h; sourceTree = "<group>"; };
		F74FD315217D9BCE00C4ABF0 /* ZYHScreenViewController.m */ = {isa = PBXFileReference; lastKnownFileType = sourcecode.c.objc; path = ZYHScreenViewController.m; sourceTree = "<group>"; };
		F75D065F21803B5C00ED1E24 /* ZYHTableViewViewController.h */ = {isa = PBXFileReference; lastKnownFileType = sourcecode.c.h; path = ZYHTableViewViewController.h; sourceTree = "<group>"; };
		F75D066021803B5C00ED1E24 /* ZYHTableViewViewController.m */ = {isa = PBXFileReference; lastKnownFileType = sourcecode.c.objc; path = ZYHTableViewViewController.m; sourceTree = "<group>"; };
		F795D73A2174AE4600B7F89A /* PListViewController.h */ = {isa = PBXFileReference; lastKnownFileType = sourcecode.c.h; path = PListViewController.h; sourceTree = "<group>"; };
		F795D73B2174AE4600B7F89A /* PListViewController.m */ = {isa = PBXFileReference; lastKnownFileType = sourcecode.c.objc; path = PListViewController.m; sourceTree = "<group>"; };
		F795D73D2175958400B7F89A /* ZYHShop.h */ = {isa = PBXFileReference; lastKnownFileType = sourcecode.c.h; path = ZYHShop.h; sourceTree = "<group>"; };
		F795D73E2175958400B7F89A /* ZYHShop.m */ = {isa = PBXFileReference; lastKnownFileType = sourcecode.c.objc; path = ZYHShop.m; sourceTree = "<group>"; };
		F795D7402175B6BC00B7F89A /* ZYHShopView.h */ = {isa = PBXFileReference; lastKnownFileType = sourcecode.c.h; path = ZYHShopView.h; sourceTree = "<group>"; };
		F795D7412175B6BC00B7F89A /* ZYHShopView.m */ = {isa = PBXFileReference; lastKnownFileType = sourcecode.c.objc; path = ZYHShopView.m; sourceTree = "<group>"; };
		F795D7442175CB2200B7F89A /* CarView.xib */ = {isa = PBXFileReference; lastKnownFileType = file.xib; path = CarView.xib; sourceTree = "<group>"; };
		F795D7462175CD2B00B7F89A /* ZYHCarView.h */ = {isa = PBXFileReference; lastKnownFileType = sourcecode.c.h; path = ZYHCarView.h; sourceTree = "<group>"; };
		F795D7472175CD2B00B7F89A /* ZYHCarView.m */ = {isa = PBXFileReference; lastKnownFileType = sourcecode.c.objc; path = ZYHCarView.m; sourceTree = "<group>"; };
		F795D74D2178777600B7F89A /* ZYHKVCViewController.h */ = {isa = PBXFileReference; lastKnownFileType = sourcecode.c.h; path = ZYHKVCViewController.h; sourceTree = "<group>"; };
		F795D74E2178777600B7F89A /* ZYHKVCViewController.m */ = {isa = PBXFileReference; lastKnownFileType = sourcecode.c.objc; path = ZYHKVCViewController.m; sourceTree = "<group>"; };
		F795D7502178791F00B7F89A /* ZYHPerson.h */ = {isa = PBXFileReference; lastKnownFileType = sourcecode.c.h; path = ZYHPerson.h; sourceTree = "<group>"; };
		F795D7512178791F00B7F89A /* ZYHPerson.m */ = {isa = PBXFileReference; lastKnownFileType = sourcecode.c.objc; path = ZYHPerson.m; sourceTree = "<group>"; };
		F795D75421789C2F00B7F89A /* ZYHScrollViewViewController.h */ = {isa = PBXFileReference; lastKnownFileType = sourcecode.c.h; path = ZYHScrollViewViewController.h; sourceTree = "<group>"; };
		F795D75521789C2F00B7F89A /* ZYHScrollViewViewController.m */ = {isa = PBXFileReference; lastKnownFileType = sourcecode.c.objc; path = ZYHScrollViewViewController.m; sourceTree = "<group>"; };
		F7E7D4AE216B0B0700C2FAD7 /* ui_exercise.app */ = {isa = PBXFileReference; explicitFileType = wrapper.application; includeInIndex = 0; path = ui_exercise.app; sourceTree = BUILT_PRODUCTS_DIR; };
		F7E7D4B1216B0B0700C2FAD7 /* AppDelegate.h */ = {isa = PBXFileReference; lastKnownFileType = sourcecode.c.h; path = AppDelegate.h; sourceTree = "<group>"; };
		F7E7D4B2216B0B0700C2FAD7 /* AppDelegate.m */ = {isa = PBXFileReference; lastKnownFileType = sourcecode.c.objc; path = AppDelegate.m; sourceTree = "<group>"; };
		F7E7D4B4216B0B0700C2FAD7 /* ViewController.h */ = {isa = PBXFileReference; lastKnownFileType = sourcecode.c.h; path = ViewController.h; sourceTree = "<group>"; };
		F7E7D4B5216B0B0700C2FAD7 /* ViewController.m */ = {isa = PBXFileReference; lastKnownFileType = sourcecode.c.objc; path = ViewController.m; sourceTree = "<group>"; };
		F7E7D4B8216B0B0700C2FAD7 /* Base */ = {isa = PBXFileReference; lastKnownFileType = file.storyboard; name = Base; path = Base.lproj/Main.storyboard; sourceTree = "<group>"; };
		F7E7D4BD216B0B0900C2FAD7 /* Base */ = {isa = PBXFileReference; lastKnownFileType = file.storyboard; name = Base; path = Base.lproj/LaunchScreen.storyboard; sourceTree = "<group>"; };
		F7E7D4BF216B0B0900C2FAD7 /* Info.plist */ = {isa = PBXFileReference; lastKnownFileType = text.plist.xml; path = Info.plist; sourceTree = "<group>"; };
		F7E7D4C0216B0B0900C2FAD7 /* main.m */ = {isa = PBXFileReference; lastKnownFileType = sourcecode.c.objc; path = main.m; sourceTree = "<group>"; };
		F7E7D4C6216B0B0900C2FAD7 /* ui_exerciseTests.xctest */ = {isa = PBXFileReference; explicitFileType = wrapper.cfbundle; includeInIndex = 0; path = ui_exerciseTests.xctest; sourceTree = BUILT_PRODUCTS_DIR; };
		F7E7D4CA216B0B0900C2FAD7 /* ui_exerciseTests.m */ = {isa = PBXFileReference; lastKnownFileType = sourcecode.c.objc; path = ui_exerciseTests.m; sourceTree = "<group>"; };
		F7E7D4CC216B0B0900C2FAD7 /* Info.plist */ = {isa = PBXFileReference; lastKnownFileType = text.plist.xml; path = Info.plist; sourceTree = "<group>"; };
		F7E7D4D1216B0B0900C2FAD7 /* ui_exerciseUITests.xctest */ = {isa = PBXFileReference; explicitFileType = wrapper.cfbundle; includeInIndex = 0; path = ui_exerciseUITests.xctest; sourceTree = BUILT_PRODUCTS_DIR; };
		F7E7D4D5216B0B0900C2FAD7 /* ui_exerciseUITests.m */ = {isa = PBXFileReference; lastKnownFileType = sourcecode.c.objc; path = ui_exerciseUITests.m; sourceTree = "<group>"; };
		F7E7D4D7216B0B0900C2FAD7 /* Info.plist */ = {isa = PBXFileReference; lastKnownFileType = text.plist.xml; path = Info.plist; sourceTree = "<group>"; };
		F7E7D4E4216C835E00C2FAD7 /* UIViewTestViewController.h */ = {isa = PBXFileReference; lastKnownFileType = sourcecode.c.h; path = UIViewTestViewController.h; sourceTree = "<group>"; };
		F7E7D4E5216C835E00C2FAD7 /* UIViewTestViewController.m */ = {isa = PBXFileReference; lastKnownFileType = sourcecode.c.objc; path = UIViewTestViewController.m; sourceTree = "<group>"; };
		F7E7D4E7216CC63B00C2FAD7 /* UILableViewController.h */ = {isa = PBXFileReference; lastKnownFileType = sourcecode.c.h; path = UILableViewController.h; sourceTree = "<group>"; };
		F7E7D4E8216CC63B00C2FAD7 /* UILableViewController.m */ = {isa = PBXFileReference; lastKnownFileType = sourcecode.c.objc; path = UILableViewController.m; sourceTree = "<group>"; };
		F7E7D4EA216CCB7300C2FAD7 /* UIImageViewViewController.h */ = {isa = PBXFileReference; lastKnownFileType = sourcecode.c.h; path = UIImageViewViewController.h; sourceTree = "<group>"; };
		F7E7D4EB216CCB7300C2FAD7 /* UIImageViewViewController.m */ = {isa = PBXFileReference; lastKnownFileType = sourcecode.c.objc; path = UIImageViewViewController.m; sourceTree = "<group>"; };
		F7E7D4ED216F4ADF00C2FAD7 /* UIButtonViewController.h */ = {isa = PBXFileReference; lastKnownFileType = sourcecode.c.h; path = UIButtonViewController.h; sourceTree = "<group>"; };
		F7E7D4EE216F4ADF00C2FAD7 /* UIButtonViewController.m */ = {isa = PBXFileReference; lastKnownFileType = sourcecode.c.objc; path = UIButtonViewController.m; sourceTree = "<group>"; };
		F7E7D4F021707DFD00C2FAD7 /* Assets.xcassets */ = {isa = PBXFileReference; lastKnownFileType = folder.assetcatalog; path = Assets.xcassets; sourceTree = "<group>"; };
/* End PBXFileReference section */

/* Begin PBXFrameworksBuildPhase section */
		F7E7D4AB216B0B0700C2FAD7 /* Frameworks */ = {
			isa = PBXFrameworksBuildPhase;
			buildActionMask = 2147483647;
			files = (
			);
			runOnlyForDeploymentPostprocessing = 0;
		};
		F7E7D4C3216B0B0900C2FAD7 /* Frameworks */ = {
			isa = PBXFrameworksBuildPhase;
			buildActionMask = 2147483647;
			files = (
			);
			runOnlyForDeploymentPostprocessing = 0;
		};
		F7E7D4CE216B0B0900C2FAD7 /* Frameworks */ = {
			isa = PBXFrameworksBuildPhase;
			buildActionMask = 2147483647;
			files = (
			);
			runOnlyForDeploymentPostprocessing = 0;
		};
/* End PBXFrameworksBuildPhase section */

/* Begin PBXGroup section */
		F74FD313217D9BAD00C4ABF0 /* 06屏幕适配 */ = {
			isa = PBXGroup;
			children = (
				F74FD314217D9BCE00C4ABF0 /* ZYHScreenViewController.h */,
				F74FD315217D9BCE00C4ABF0 /* ZYHScreenViewController.m */,
				F700E122217F2F040060313D /* ZYHAutoLayoutViewController.h */,
				F700E123217F2F040060313D /* ZYHAutoLayoutViewController.m */,
			);
			path = "06屏幕适配";
			sourceTree = "<group>";
		};
		F75D065E21803B3F00ED1E24 /* 07UITableView */ = {
			isa = PBXGroup;
			children = (
				F747B0B121806BBF00FEC696 /* cars.plist */,
				F75D065F21803B5C00ED1E24 /* ZYHTableViewViewController.h */,
				F75D066021803B5C00ED1E24 /* ZYHTableViewViewController.m */,
				F747B0B3218070B900FEC696 /* ZYHCarGroup.h */,
				F747B0B4218070B900FEC696 /* ZYHCarGroup.m */,
				F747B0B6218072DC00FEC696 /* ZYHCar.h */,
				F747B0B7218072DC00FEC696 /* ZYHCar.m */,
				5CB20F2AD40E1554544CD580 /* ZYHTableViewCell.m */,
				5CB2090E26CFCF491558AE83 /* ZYHTableViewCell.h */,
			);
			path = 07UITableView;
			sourceTree = "<group>";
		};
		F795D7392174AE2500B7F89A /* 02plist */ = {
			isa = PBXGroup;
			children = (
				F795D73A2174AE4600B7F89A /* PListViewController.h */,
				F795D73B2174AE4600B7F89A /* PListViewController.m */,
				F795D73D2175958400B7F89A /* ZYHShop.h */,
				F795D73E2175958400B7F89A /* ZYHShop.m */,
				F795D7402175B6BC00B7F89A /* ZYHShopView.h */,
				F795D7412175B6BC00B7F89A /* ZYHShopView.m */,
			);
			path = 02plist;
			sourceTree = "<group>";
		};
		F795D7432175CB0000B7F89A /* 03自定义控件 */ = {
			isa = PBXGroup;
			children = (
				F795D7442175CB2200B7F89A /* CarView.xib */,
				F795D7462175CD2B00B7F89A /* ZYHCarView.h */,
				F795D7472175CD2B00B7F89A /* ZYHCarView.m */,
			);
			path = "03自定义控件";
			sourceTree = "<group>";
		};
		F795D74C2178773B00B7F89A /* 04kvc kvo */ = {
			isa = PBXGroup;
			children = (
				F795D74D2178777600B7F89A /* ZYHKVCViewController.h */,
				F795D74E2178777600B7F89A /* ZYHKVCViewController.m */,
				F795D7502178791F00B7F89A /* ZYHPerson.h */,
				F795D7512178791F00B7F89A /* ZYHPerson.m */,
			);
			path = "04kvc kvo";
			sourceTree = "<group>";
		};
		F795D75321789C0900B7F89A /* 05UIScrollView */ = {
			isa = PBXGroup;
			children = (
				F795D75421789C2F00B7F89A /* ZYHScrollViewViewController.h */,
				F795D75521789C2F00B7F89A /* ZYHScrollViewViewController.m */,
			);
			path = 05UIScrollView;
			sourceTree = "<group>";
		};
		F7E7D4A5216B0B0700C2FAD7 = {
			isa = PBXGroup;
			children = (
				F7E7D4B0216B0B0700C2FAD7 /* ui_exercise */,
				F7E7D4C9216B0B0900C2FAD7 /* ui_exerciseTests */,
				F7E7D4D4216B0B0900C2FAD7 /* ui_exerciseUITests */,
				F7E7D4AF216B0B0700C2FAD7 /* Products */,
			);
			sourceTree = "<group>";
		};
		F7E7D4AF216B0B0700C2FAD7 /* Products */ = {
			isa = PBXGroup;
			children = (
				F7E7D4AE216B0B0700C2FAD7 /* ui_exercise.app */,
				F7E7D4C6216B0B0900C2FAD7 /* ui_exerciseTests.xctest */,
				F7E7D4D1216B0B0900C2FAD7 /* ui_exerciseUITests.xctest */,
			);
			name = Products;
			sourceTree = "<group>";
		};
		F7E7D4B0216B0B0700C2FAD7 /* ui_exercise */ = {
			isa = PBXGroup;
			children = (
				F7E7D4E3216B0B2600C2FAD7 /* 01UILable */,
				F795D7392174AE2500B7F89A /* 02plist */,
				F795D7432175CB0000B7F89A /* 03自定义控件 */,
				F795D74C2178773B00B7F89A /* 04kvc kvo */,
				F795D75321789C0900B7F89A /* 05UIScrollView */,
				F74FD313217D9BAD00C4ABF0 /* 06屏幕适配 */,
				F75D065E21803B3F00ED1E24 /* 07UITableView */,
				F7E7D4B1216B0B0700C2FAD7 /* AppDelegate.h */,
				F7E7D4B2216B0B0700C2FAD7 /* AppDelegate.m */,
				F7E7D4F021707DFD00C2FAD7 /* Assets.xcassets */,
				F7E7D4BF216B0B0900C2FAD7 /* Info.plist */,
				F7E7D4BC216B0B0900C2FAD7 /* LaunchScreen.storyboard */,
				F7E7D4C0216B0B0900C2FAD7 /* main.m */,
				F7E7D4B7216B0B0700C2FAD7 /* Main.storyboard */,
				F7E7D4B4216B0B0700C2FAD7 /* ViewController.h */,
				F7E7D4B5216B0B0700C2FAD7 /* ViewController.m */,
			);
			path = ui_exercise;
			sourceTree = "<group>";
		};
		F7E7D4C9216B0B0900C2FAD7 /* ui_exerciseTests */ = {
			isa = PBXGroup;
			children = (
				F7E7D4CA216B0B0900C2FAD7 /* ui_exerciseTests.m */,
				F7E7D4CC216B0B0900C2FAD7 /* Info.plist */,
			);
			path = ui_exerciseTests;
			sourceTree = "<group>";
		};
		F7E7D4D4216B0B0900C2FAD7 /* ui_exerciseUITests */ = {
			isa = PBXGroup;
			children = (
				F7E7D4D5216B0B0900C2FAD7 /* ui_exerciseUITests.m */,
				F7E7D4D7216B0B0900C2FAD7 /* Info.plist */,
			);
			path = ui_exerciseUITests;
			sourceTree = "<group>";
		};
		F7E7D4E3216B0B2600C2FAD7 /* 01UILable */ = {
			isa = PBXGroup;
			children = (
				F7E7D4E4216C835E00C2FAD7 /* UIViewTestViewController.h */,
				F7E7D4E5216C835E00C2FAD7 /* UIViewTestViewController.m */,
				F7E7D4E7216CC63B00C2FAD7 /* UILableViewController.h */,
				F7E7D4E8216CC63B00C2FAD7 /* UILableViewController.m */,
				F7E7D4EA216CCB7300C2FAD7 /* UIImageViewViewController.h */,
				F7E7D4EB216CCB7300C2FAD7 /* UIImageViewViewController.m */,
				F7E7D4ED216F4ADF00C2FAD7 /* UIButtonViewController.h */,
				F7E7D4EE216F4ADF00C2FAD7 /* UIButtonViewController.m */,
			);
			path = 01UILable;
			sourceTree = "<group>";
		};
/* End PBXGroup section */

/* Begin PBXNativeTarget section */
		F7E7D4AD216B0B0700C2FAD7 /* ui_exercise */ = {
			isa = PBXNativeTarget;
			buildConfigurationList = F7E7D4DA216B0B0900C2FAD7 /* Build configuration list for PBXNativeTarget "ui_exercise" */;
			buildPhases = (
				F7E7D4AA216B0B0700C2FAD7 /* Sources */,
				F7E7D4AB216B0B0700C2FAD7 /* Frameworks */,
				F7E7D4AC216B0B0700C2FAD7 /* Resources */,
			);
			buildRules = (
			);
			dependencies = (
			);
			name = ui_exercise;
			productName = ui_exercise;
			productReference = F7E7D4AE216B0B0700C2FAD7 /* ui_exercise.app */;
			productType = "com.apple.product-type.application";
		};
		F7E7D4C5216B0B0900C2FAD7 /* ui_exerciseTests */ = {
			isa = PBXNativeTarget;
			buildConfigurationList = F7E7D4DD216B0B0900C2FAD7 /* Build configuration list for PBXNativeTarget "ui_exerciseTests" */;
			buildPhases = (
				F7E7D4C2216B0B0900C2FAD7 /* Sources */,
				F7E7D4C3216B0B0900C2FAD7 /* Frameworks */,
				F7E7D4C4216B0B0900C2FAD7 /* Resources */,
			);
			buildRules = (
			);
			dependencies = (
				F7E7D4C8216B0B0900C2FAD7 /* PBXTargetDependency */,
			);
			name = ui_exerciseTests;
			productName = ui_exerciseTests;
			productReference = F7E7D4C6216B0B0900C2FAD7 /* ui_exerciseTests.xctest */;
			productType = "com.apple.product-type.bundle.unit-test";
		};
		F7E7D4D0216B0B0900C2FAD7 /* ui_exerciseUITests */ = {
			isa = PBXNativeTarget;
			buildConfigurationList = F7E7D4E0216B0B0900C2FAD7 /* Build configuration list for PBXNativeTarget "ui_exerciseUITests" */;
			buildPhases = (
				F7E7D4CD216B0B0900C2FAD7 /* Sources */,
				F7E7D4CE216B0B0900C2FAD7 /* Frameworks */,
				F7E7D4CF216B0B0900C2FAD7 /* Resources */,
			);
			buildRules = (
			);
			dependencies = (
				F7E7D4D3216B0B0900C2FAD7 /* PBXTargetDependency */,
			);
			name = ui_exerciseUITests;
			productName = ui_exerciseUITests;
			productReference = F7E7D4D1216B0B0900C2FAD7 /* ui_exerciseUITests.xctest */;
			productType = "com.apple.product-type.bundle.ui-testing";
		};
/* End PBXNativeTarget section */

/* Begin PBXProject section */
		F7E7D4A6216B0B0700C2FAD7 /* Project object */ = {
			isa = PBXProject;
			attributes = {
				CLASSPREFIX = ZYH;
				LastUpgradeCheck = 1000;
				ORGANIZATIONNAME = finupgroup;
				TargetAttributes = {
					F7E7D4AD216B0B0700C2FAD7 = {
						CreatedOnToolsVersion = 10.0;
					};
					F7E7D4C5216B0B0900C2FAD7 = {
						CreatedOnToolsVersion = 10.0;
						TestTargetID = F7E7D4AD216B0B0700C2FAD7;
					};
					F7E7D4D0216B0B0900C2FAD7 = {
						CreatedOnToolsVersion = 10.0;
						TestTargetID = F7E7D4AD216B0B0700C2FAD7;
					};
				};
			};
			buildConfigurationList = F7E7D4A9216B0B0700C2FAD7 /* Build configuration list for PBXProject "ui_exercise" */;
			compatibilityVersion = "Xcode 10.0";
			developmentRegion = en;
			hasScannedForEncodings = 0;
			knownRegions = (
				en,
				Base,
			);
			mainGroup = F7E7D4A5216B0B0700C2FAD7;
			productRefGroup = F7E7D4AF216B0B0700C2FAD7 /* Products */;
			projectDirPath = "";
			projectRoot = "";
			targets = (
				F7E7D4AD216B0B0700C2FAD7 /* ui_exercise */,
				F7E7D4C5216B0B0900C2FAD7 /* ui_exerciseTests */,
				F7E7D4D0216B0B0900C2FAD7 /* ui_exerciseUITests */,
			);
		};
/* End PBXProject section */

/* Begin PBXResourcesBuildPhase section */
		F7E7D4AC216B0B0700C2FAD7 /* Resources */ = {
			isa = PBXResourcesBuildPhase;
			buildActionMask = 2147483647;
			files = (
				F7E7D4BE216B0B0900C2FAD7 /* LaunchScreen.storyboard in Resources */,
				F795D7452175CB2200B7F89A /* CarView.xib in Resources */,
				F7E7D4F121707DFD00C2FAD7 /* Assets.xcassets in Resources */,
				F7E7D4B9216B0B0700C2FAD7 /* Main.storyboard in Resources */,
				F747B0B221806BBF00FEC696 /* cars.plist in Resources */,
			);
			runOnlyForDeploymentPostprocessing = 0;
		};
		F7E7D4C4216B0B0900C2FAD7 /* Resources */ = {
			isa = PBXResourcesBuildPhase;
			buildActionMask = 2147483647;
			files = (
			);
			runOnlyForDeploymentPostprocessing = 0;
		};
		F7E7D4CF216B0B0900C2FAD7 /* Resources */ = {
			isa = PBXResourcesBuildPhase;
			buildActionMask = 2147483647;
			files = (
			);
			runOnlyForDeploymentPostprocessing = 0;
		};
/* End PBXResourcesBuildPhase section */

/* Begin PBXSourcesBuildPhase section */
		F7E7D4AA216B0B0700C2FAD7 /* Sources */ = {
			isa = PBXSourcesBuildPhase;
			buildActionMask = 2147483647;
			files = (
				F747B0B8218072DC00FEC696 /* ZYHCar.m in Sources */,
				F75D066121803B5C00ED1E24 /* ZYHTableViewViewController.m in Sources */,
				F7E7D4B6216B0B0700C2FAD7 /* ViewController.m in Sources */,
				F7E7D4EC216CCB7300C2FAD7 /* UIImageViewViewController.m in Sources */,
				F795D74F2178777600B7F89A /* ZYHKVCViewController.m in Sources */,
				F795D7522178791F00B7F89A /* ZYHPerson.m in Sources */,
				F7E7D4E6216C835E00C2FAD7 /* UIViewTestViewController.m in Sources */,
				F795D73F2175958400B7F89A /* ZYHShop.m in Sources */,
				F795D73C2174AE4600B7F89A /* PListViewController.m in Sources */,
				F7E7D4C1216B0B0900C2FAD7 /* main.m in Sources */,
				F747B0B5218070B900FEC696 /* ZYHCarGroup.m in Sources */,
				F700E124217F2F040060313D /* ZYHAutoLayoutViewController.m in Sources */,
				F795D7482175CD2B00B7F89A /* ZYHCarView.m in Sources */,
				F795D75621789C2F00B7F89A /* ZYHScrollViewViewController.m in Sources */,
				F795D7422175B6BC00B7F89A /* ZYHShopView.m in Sources */,
				F7E7D4E9216CC63B00C2FAD7 /* UILableViewController.m in Sources */,
				F7E7D4EF216F4ADF00C2FAD7 /* UIButtonViewController.m in Sources */,
				F74FD316217D9BCE00C4ABF0 /* ZYHScreenViewController.m in Sources */,
				F7E7D4B3216B0B0700C2FAD7 /* AppDelegate.m in Sources */,
				5CB2035ABF48D389E80BF715 /* ZYHTableViewCell.m in Sources */,
			);
			runOnlyForDeploymentPostprocessing = 0;
		};
		F7E7D4C2216B0B0900C2FAD7 /* Sources */ = {
			isa = PBXSourcesBuildPhase;
			buildActionMask = 2147483647;
			files = (
				F7E7D4CB216B0B0900C2FAD7 /* ui_exerciseTests.m in Sources */,
			);
			runOnlyForDeploymentPostprocessing = 0;
		};
		F7E7D4CD216B0B0900C2FAD7 /* Sources */ = {
			isa = PBXSourcesBuildPhase;
			buildActionMask = 2147483647;
			files = (
				F7E7D4D6216B0B0900C2FAD7 /* ui_exerciseUITests.m in Sources */,
			);
			runOnlyForDeploymentPostprocessing = 0;
		};
/* End PBXSourcesBuildPhase section */

/* Begin PBXTargetDependency section */
		F7E7D4C8216B0B0900C2FAD7 /* PBXTargetDependency */ = {
			isa = PBXTargetDependency;
			target = F7E7D4AD216B0B0700C2FAD7 /* ui_exercise */;
			targetProxy = F7E7D4C7216B0B0900C2FAD7 /* PBXContainerItemProxy */;
		};
		F7E7D4D3216B0B0900C2FAD7 /* PBXTargetDependency */ = {
			isa = PBXTargetDependency;
			target = F7E7D4AD216B0B0700C2FAD7 /* ui_exercise */;
			targetProxy = F7E7D4D2216B0B0900C2FAD7 /* PBXContainerItemProxy */;
		};
/* End PBXTargetDependency section */

/* Begin PBXVariantGroup section */
		F7E7D4B7216B0B0700C2FAD7 /* Main.storyboard */ = {
			isa = PBXVariantGroup;
			children = (
				F7E7D4B8216B0B0700C2FAD7 /* Base */,
			);
			name = Main.storyboard;
			sourceTree = "<group>";
		};
		F7E7D4BC216B0B0900C2FAD7 /* LaunchScreen.storyboard */ = {
			isa = PBXVariantGroup;
			children = (
				F7E7D4BD216B0B0900C2FAD7 /* Base */,
			);
			name = LaunchScreen.storyboard;
			sourceTree = "<group>";
		};
/* End PBXVariantGroup section */

/* Begin XCBuildConfiguration section */
		F7E7D4D8216B0B0900C2FAD7 /* Debug */ = {
			isa = XCBuildConfiguration;
			buildSettings = {
				ALWAYS_SEARCH_USER_PATHS = NO;
				CLANG_ANALYZER_NONNULL = YES;
				CLANG_ANALYZER_NUMBER_OBJECT_CONVERSION = YES_AGGRESSIVE;
				CLANG_CXX_LANGUAGE_STANDARD = "gnu++14";
				CLANG_CXX_LIBRARY = "libc++";
				CLANG_ENABLE_MODULES = YES;
				CLANG_ENABLE_OBJC_ARC = YES;
				CLANG_ENABLE_OBJC_WEAK = YES;
				CLANG_WARN_BLOCK_CAPTURE_AUTORELEASING = YES;
				CLANG_WARN_BOOL_CONVERSION = YES;
				CLANG_WARN_COMMA = YES;
				CLANG_WARN_CONSTANT_CONVERSION = YES;
				CLANG_WARN_DEPRECATED_OBJC_IMPLEMENTATIONS = YES;
				CLANG_WARN_DIRECT_OBJC_ISA_USAGE = YES_ERROR;
				CLANG_WARN_DOCUMENTATION_COMMENTS = YES;
				CLANG_WARN_EMPTY_BODY = YES;
				CLANG_WARN_ENUM_CONVERSION = YES;
				CLANG_WARN_INFINITE_RECURSION = YES;
				CLANG_WARN_INT_CONVERSION = YES;
				CLANG_WARN_NON_LITERAL_NULL_CONVERSION = YES;
				CLANG_WARN_OBJC_IMPLICIT_RETAIN_SELF = YES;
				CLANG_WARN_OBJC_LITERAL_CONVERSION = YES;
				CLANG_WARN_OBJC_ROOT_CLASS = YES_ERROR;
				CLANG_WARN_RANGE_LOOP_ANALYSIS = YES;
				CLANG_WARN_STRICT_PROTOTYPES = YES;
				CLANG_WARN_SUSPICIOUS_MOVE = YES;
				CLANG_WARN_UNGUARDED_AVAILABILITY = YES_AGGRESSIVE;
				CLANG_WARN_UNREACHABLE_CODE = YES;
				CLANG_WARN__DUPLICATE_METHOD_MATCH = YES;
				CODE_SIGN_IDENTITY = "iPhone Developer";
				COPY_PHASE_STRIP = NO;
				DEBUG_INFORMATION_FORMAT = dwarf;
				ENABLE_STRICT_OBJC_MSGSEND = YES;
				ENABLE_TESTABILITY = YES;
				GCC_C_LANGUAGE_STANDARD = gnu11;
				GCC_DYNAMIC_NO_PIC = NO;
				GCC_NO_COMMON_BLOCKS = YES;
				GCC_OPTIMIZATION_LEVEL = 0;
				GCC_PREPROCESSOR_DEFINITIONS = (
					"DEBUG=1",
					"$(inherited)",
				);
				GCC_WARN_64_TO_32_BIT_CONVERSION = YES;
				GCC_WARN_ABOUT_RETURN_TYPE = YES_ERROR;
				GCC_WARN_UNDECLARED_SELECTOR = YES;
				GCC_WARN_UNINITIALIZED_AUTOS = YES_AGGRESSIVE;
				GCC_WARN_UNUSED_FUNCTION = YES;
				GCC_WARN_UNUSED_VARIABLE = YES;
				IPHONEOS_DEPLOYMENT_TARGET = 12.0;
				MTL_ENABLE_DEBUG_INFO = INCLUDE_SOURCE;
				MTL_FAST_MATH = YES;
				ONLY_ACTIVE_ARCH = YES;
				SDKROOT = iphoneos;
			};
			name = Debug;
		};
		F7E7D4D9216B0B0900C2FAD7 /* Release */ = {
			isa = XCBuildConfiguration;
			buildSettings = {
				ALWAYS_SEARCH_USER_PATHS = NO;
				CLANG_ANALYZER_NONNULL = YES;
				CLANG_ANALYZER_NUMBER_OBJECT_CONVERSION = YES_AGGRESSIVE;
				CLANG_CXX_LANGUAGE_STANDARD = "gnu++14";
				CLANG_CXX_LIBRARY = "libc++";
				CLANG_ENABLE_MODULES = YES;
				CLANG_ENABLE_OBJC_ARC = YES;
				CLANG_ENABLE_OBJC_WEAK = YES;
				CLANG_WARN_BLOCK_CAPTURE_AUTORELEASING = YES;
				CLANG_WARN_BOOL_CONVERSION = YES;
				CLANG_WARN_COMMA = YES;
				CLANG_WARN_CONSTANT_CONVERSION = YES;
				CLANG_WARN_DEPRECATED_OBJC_IMPLEMENTATIONS = YES;
				CLANG_WARN_DIRECT_OBJC_ISA_USAGE = YES_ERROR;
				CLANG_WARN_DOCUMENTATION_COMMENTS = YES;
				CLANG_WARN_EMPTY_BODY = YES;
				CLANG_WARN_ENUM_CONVERSION = YES;
				CLANG_WARN_INFINITE_RECURSION = YES;
				CLANG_WARN_INT_CONVERSION = YES;
				CLANG_WARN_NON_LITERAL_NULL_CONVERSION = YES;
				CLANG_WARN_OBJC_IMPLICIT_RETAIN_SELF = YES;
				CLANG_WARN_OBJC_LITERAL_CONVERSION = YES;
				CLANG_WARN_OBJC_ROOT_CLASS = YES_ERROR;
				CLANG_WARN_RANGE_LOOP_ANALYSIS = YES;
				CLANG_WARN_STRICT_PROTOTYPES = YES;
				CLANG_WARN_SUSPICIOUS_MOVE = YES;
				CLANG_WARN_UNGUARDED_AVAILABILITY = YES_AGGRESSIVE;
				CLANG_WARN_UNREACHABLE_CODE = YES;
				CLANG_WARN__DUPLICATE_METHOD_MATCH = YES;
				CODE_SIGN_IDENTITY = "iPhone Developer";
				COPY_PHASE_STRIP = NO;
				DEBUG_INFORMATION_FORMAT = "dwarf-with-dsym";
				ENABLE_NS_ASSERTIONS = NO;
				ENABLE_STRICT_OBJC_MSGSEND = YES;
				GCC_C_LANGUAGE_STANDARD = gnu11;
				GCC_NO_COMMON_BLOCKS = YES;
				GCC_WARN_64_TO_32_BIT_CONVERSION = YES;
				GCC_WARN_ABOUT_RETURN_TYPE = YES_ERROR;
				GCC_WARN_UNDECLARED_SELECTOR = YES;
				GCC_WARN_UNINITIALIZED_AUTOS = YES_AGGRESSIVE;
				GCC_WARN_UNUSED_FUNCTION = YES;
				GCC_WARN_UNUSED_VARIABLE = YES;
				IPHONEOS_DEPLOYMENT_TARGET = 12.0;
				MTL_ENABLE_DEBUG_INFO = NO;
				MTL_FAST_MATH = YES;
				SDKROOT = iphoneos;
				VALIDATE_PRODUCT = YES;
			};
			name = Release;
		};
		F7E7D4DB216B0B0900C2FAD7 /* Debug */ = {
			isa = XCBuildConfiguration;
			buildSettings = {
				ASSETCATALOG_COMPILER_APPICON_NAME = AppIcon;
				CODE_SIGN_STYLE = Automatic;
				DEVELOPMENT_TEAM = HHLU6JKK4A;
				INFOPLIST_FILE = ui_exercise/Info.plist;
				LD_RUNPATH_SEARCH_PATHS = (
					"$(inherited)",
					"@executable_path/Frameworks",
				);
				PRODUCT_BUNDLE_IDENTIFIER = "com.ruoyun.ui-exercise";
				PRODUCT_NAME = "$(TARGET_NAME)";
				TARGETED_DEVICE_FAMILY = 1;
			};
			name = Debug;
		};
		F7E7D4DC216B0B0900C2FAD7 /* Release */ = {
			isa = XCBuildConfiguration;
			buildSettings = {
				ASSETCATALOG_COMPILER_APPICON_NAME = AppIcon;
				CODE_SIGN_STYLE = Automatic;
				DEVELOPMENT_TEAM = HHLU6JKK4A;
				INFOPLIST_FILE = ui_exercise/Info.plist;
				LD_RUNPATH_SEARCH_PATHS = (
					"$(inherited)",
					"@executable_path/Frameworks",
				);
				PRODUCT_BUNDLE_IDENTIFIER = "com.ruoyun.ui-exercise";
				PRODUCT_NAME = "$(TARGET_NAME)";
				TARGETED_DEVICE_FAMILY = 1;
			};
			name = Release;
		};
		F7E7D4DE216B0B0900C2FAD7 /* Debug */ = {
			isa = XCBuildConfiguration;
			buildSettings = {
				BUNDLE_LOADER = "$(TEST_HOST)";
				CODE_SIGN_STYLE = Automatic;
				DEVELOPMENT_TEAM = HHLU6JKK4A;
				INFOPLIST_FILE = ui_exerciseTests/Info.plist;
				LD_RUNPATH_SEARCH_PATHS = (
					"$(inherited)",
					"@executable_path/Frameworks",
					"@loader_path/Frameworks",
				);
				PRODUCT_BUNDLE_IDENTIFIER = "com.ruoyun.ui-exerciseTests";
				PRODUCT_NAME = "$(TARGET_NAME)";
				TARGETED_DEVICE_FAMILY = "1,2";
				TEST_HOST = "$(BUILT_PRODUCTS_DIR)/ui_exercise.app/ui_exercise";
			};
			name = Debug;
		};
		F7E7D4DF216B0B0900C2FAD7 /* Release */ = {
			isa = XCBuildConfiguration;
			buildSettings = {
				BUNDLE_LOADER = "$(TEST_HOST)";
				CODE_SIGN_STYLE = Automatic;
				DEVELOPMENT_TEAM = HHLU6JKK4A;
				INFOPLIST_FILE = ui_exerciseTests/Info.plist;
				LD_RUNPATH_SEARCH_PATHS = (
					"$(inherited)",
					"@executable_path/Frameworks",
					"@loader_path/Frameworks",
				);
				PRODUCT_BUNDLE_IDENTIFIER = "com.ruoyun.ui-exerciseTests";
				PRODUCT_NAME = "$(TARGET_NAME)";
				TARGETED_DEVICE_FAMILY = "1,2";
				TEST_HOST = "$(BUILT_PRODUCTS_DIR)/ui_exercise.app/ui_exercise";
			};
			name = Release;
		};
		F7E7D4E1216B0B0900C2FAD7 /* Debug */ = {
			isa = XCBuildConfiguration;
			buildSettings = {
				CODE_SIGN_STYLE = Automatic;
				DEVELOPMENT_TEAM = HHLU6JKK4A;
				INFOPLIST_FILE = ui_exerciseUITests/Info.plist;
				LD_RUNPATH_SEARCH_PATHS = (
					"$(inherited)",
					"@executable_path/Frameworks",
					"@loader_path/Frameworks",
				);
				PRODUCT_BUNDLE_IDENTIFIER = "com.ruoyun.ui-exerciseUITests";
				PRODUCT_NAME = "$(TARGET_NAME)";
				TARGETED_DEVICE_FAMILY = "1,2";
				TEST_TARGET_NAME = ui_exercise;
			};
			name = Debug;
		};
		F7E7D4E2216B0B0900C2FAD7 /* Release */ = {
			isa = XCBuildConfiguration;
			buildSettings = {
				CODE_SIGN_STYLE = Automatic;
				DEVELOPMENT_TEAM = HHLU6JKK4A;
				INFOPLIST_FILE = ui_exerciseUITests/Info.plist;
				LD_RUNPATH_SEARCH_PATHS = (
					"$(inherited)",
					"@executable_path/Frameworks",
					"@loader_path/Frameworks",
				);
				PRODUCT_BUNDLE_IDENTIFIER = "com.ruoyun.ui-exerciseUITests";
				PRODUCT_NAME = "$(TARGET_NAME)";
				TARGETED_DEVICE_FAMILY = "1,2";
				TEST_TARGET_NAME = ui_exercise;
			};
			name = Release;
		};
/* End XCBuildConfiguration section */

/* Begin XCConfigurationList section */
		F7E7D4A9216B0B0700C2FAD7 /* Build configuration list for PBXProject "ui_exercise" */ = {
			isa = XCConfigurationList;
			buildConfigurations = (
				F7E7D4D8216B0B0900C2FAD7 /* Debug */,
				F7E7D4D9216B0B0900C2FAD7 /* Release */,
			);
			defaultConfigurationIsVisible = 0;
			defaultConfigurationName = Release;
		};
		F7E7D4DA216B0B0900C2FAD7 /* Build configuration list for PBXNativeTarget "ui_exercise" */ = {
			isa = XCConfigurationList;
			buildConfigurations = (
				F7E7D4DB216B0B0900C2FAD7 /* Debug */,
				F7E7D4DC216B0B0900C2FAD7 /* Release */,
			);
			defaultConfigurationIsVisible = 0;
			defaultConfigurationName = Release;
		};
		F7E7D4DD216B0B0900C2FAD7 /* Build configuration list for PBXNativeTarget "ui_exerciseTests" */ = {
			isa = XCConfigurationList;
			buildConfigurations = (
				F7E7D4DE216B0B0900C2FAD7 /* Debug */,
				F7E7D4DF216B0B0900C2FAD7 /* Release */,
			);
			defaultConfigurationIsVisible = 0;
			defaultConfigurationName = Release;
		};
		F7E7D4E0216B0B0900C2FAD7 /* Build configuration list for PBXNativeTarget "ui_exerciseUITests" */ = {
			isa = XCConfigurationList;
			buildConfigurations = (
				F7E7D4E1216B0B0900C2FAD7 /* Debug */,
				F7E7D4E2216B0B0900C2FAD7 /* Release */,
			);
			defaultConfigurationIsVisible = 0;
			defaultConfigurationName = Release;
		};
/* End XCConfigurationList section */
	};
	rootObject = F7E7D4A6216B0B0700C2FAD7 /* Project object */;
}
